
Microsoft Visual Studio Solution File, Format Version 12.00
# Visual Studio Version 17
VisualStudioVersion = 17.7.34009.444
MinimumVisualStudioVersion = 10.0.40219.1
Project("{9A19103F-16F7-4668-BE54-9A1E7A4F7556}") = "DAL", "DAL\DAL.csproj", "{E8E2859B-5A57-4676-955A-49B3C36648EF}"
EndProject
Project("{FAE04EC0-301F-11D3-BF4B-00C04F79EFBC}") = "BLL", "BLL\BLL.csproj", "{40856436-32CE-4CA9-ACB1-885AFEF8C970}"
EndProject
Project("{FAE04EC0-301F-11D3-BF4B-00C04F79EFBC}") = "UI", "UI\UI.csproj", "{8549E4FA-5FB0-4362-AC22-B21410BADA2E}"
EndProject
Global
	GlobalSection(SolutionConfigurationPlatforms) = preSolution
		Debug|Any CPU = Debug|Any CPU
		Release|Any CPU = Release|Any CPU
	EndGlobalSection
	GlobalSection(ProjectConfigurationPlatforms) = postSolution
		{E8E2859B-5A57-4676-955A-49B3C36648EF}.Debug|Any CPU.ActiveCfg = Debug|Any CPU
		{E8E2859B-5A57-4676-955A-49B3C36648EF}.Debug|Any CPU.Build.0 = Debug|Any CPU
		{E8E2859B-5A57-4676-955A-49B3C36648EF}.Release|Any CPU.ActiveCfg = Release|Any CPU
		{E8E2859B-5A57-4676-955A-49B3C36648EF}.Release|Any CPU.Build.0 = Release|Any CPU
		{40856436-32CE-4CA9-ACB1-885AFEF8C970}.Debug|Any CPU.ActiveCfg = Debug|Any CPU
		{40856436-32CE-4CA9-ACB1-885AFEF8C970}.Debug|Any CPU.Build.0 = Debug|Any CPU
		{40856436-32CE-4CA9-ACB1-885AFEF8C970}.Release|Any CPU.ActiveCfg = Release|Any CPU
		{40856436-32CE-4CA9-ACB1-885AFEF8C970}.Release|Any CPU.Build.0 = Release|Any CPU
		{8549E4FA-5FB0-4362-AC22-B21410BADA2E}.Debug|Any CPU.ActiveCfg = Debug|Any CPU
		{8549E4FA-5FB0-4362-AC22-B21410BADA2E}.Debug|Any CPU.Build.0 = Debug|Any CPU
		{8549E4FA-5FB0-4362-AC22-B21410BADA2E}.Release|Any CPU.ActiveCfg = Release|Any CPU
		{8549E4FA-5FB0-4362-AC22-B21410BADA2E}.Release|Any CPU.Build.0 = Release|Any CPU
	EndGlobalSection
	GlobalSection(SolutionProperties) = preSolution
		HideSolutionNode = FALSE
	EndGlobalSection
	GlobalSection(ExtensibilityGlobals) = postSolution
		SolutionGuid = {1C735FBF-3F2C-4BC5-8DF9-7C893BB6E6B9}
	EndGlobalSection
EndGlobal
